{
  "originHash" : "c42fd997f5013deec598e8047b3de35f46923260374268ec77718291263340c5",
  "pins" : [
    {
      "identity" : "factory",
      "kind" : "remoteSourceControl",
      "location" : "https://github.com/hmlongco/Factory",
      "state" : {
        "revision" : "ccc898f21992ebc130bc04cc197460a5ae230bcf",
        "version" : "2.5.3"
      }
    },
    {
      "identity" : "utilitykit",
      "kind" : "remoteSourceControl",
      "location" : "https://github.com/kaVish2214/UtilityKit",
      "state" : {
        "branch" : "main",
        "revision" : "a33ba90431449af463ecb27573ad1454856c2496"
      }
    }
  ],
  "version" : 3
}
