{
  "originHash" : "fa4b322af709f2af2ec77730b2ad6ee14a44fb99b2ecb473b5b8f83e22ac51c8",
  "pins" : [
    {
      "identity" : "factory",
      "kind" : "remoteSourceControl",
      "location" : "https://github.com/hmlongco/Factory",
      "state" : {
        "revision" : "ccc898f21992ebc130bc04cc197460a5ae230bcf",
        "version" : "2.5.3"
      }
    },
    {
      "identity" : "utilitykit",
      "kind" : "remoteSourceControl",
      "location" : "https://github.com/kaVish2214/UtilityKit",
      "state" : {
        "branch" : "main",
        "revision" : "91dbbc242de731835c0de760307a73a2f3fcaf82"
      }
    }
  ],
  "version" : 3
}
