{
  "originHash" : "ce7593d6dbca068e05dc6d20b6b037c55b1b53d52e7c55d1d82d6689a7b5c554",
  "pins" : [
    {
      "identity" : "factory",
      "kind" : "remoteSourceControl",
      "location" : "https://github.com/hmlongco/Factory",
      "state" : {
        "revision" : "ccc898f21992ebc130bc04cc197460a5ae230bcf",
        "version" : "2.5.3"
      }
    },
    {
      "identity" : "utilitykit",
      "kind" : "remoteSourceControl",
      "location" : "https://github.com/kaVish2214/UtilityKit",
      "state" : {
        "revision" : "e9d46d5b65c362f0f04dd36c0a4f77e377d8335f",
        "version" : "0.1.0"
      }
    }
  ],
  "version" : 3
}
